
Microsoft Visual Studio Solution File, Format Version 12.00
# Visual Studio Version 16
VisualStudioVersion = 16.0.30413.136
MinimumVisualStudioVersion = 10.0.40219.1
Project("{FAE04EC0-301F-11D3-BF4B-00C04F79EFBC}") = "OmniForm", "OmniForm\OmniForm.csproj", "{D876E016-438D-49B0-B021-9AD5A4356F27}"
EndProject
Global
	GlobalSection(SolutionConfigurationPlatforms) = preSolution
		Debug|Any CPU = Debug|Any CPU
		Release|Any CPU = Release|Any CPU
	EndGlobalSection
	GlobalSection(ProjectConfigurationPlatforms) = postSolution
		{D876E016-438D-49B0-B021-9AD5A4356F27}.Debug|Any CPU.ActiveCfg = Debug|Any CPU
		{D876E016-438D-49B0-B021-9AD5A4356F27}.Debug|Any CPU.Build.0 = Debug|Any CPU
		{D876E016-438D-49B0-B021-9AD5A4356F27}.Release|Any CPU.ActiveCfg = Release|Any CPU
		{D876E016-438D-49B0-B021-9AD5A4356F27}.Release|Any CPU.Build.0 = Release|Any CPU
	EndGlobalSection
	GlobalSection(SolutionProperties) = preSolution
		HideSolutionNode = FALSE
	EndGlobalSection
	GlobalSection(ExtensibilityGlobals) = postSolution
		SolutionGuid = {6266CFD2-937C-41D8-B501-18668BC47B5E}
	EndGlobalSection
EndGlobal
